
Microsoft Visual Studio Solution File, Format Version 12.00
# Visual Studio 14
VisualStudioVersion = 14.0.25420.1
MinimumVisualStudioVersion = 10.0.40219.1
Project("{F184B08F-C81C-45F6-A57F-5ABD9991F28F}") = "Vb", "Vb\Vb.vbproj", "{9E29C4AB-22A8-4681-9D82-0D99642B0E5E}"
EndProject
Project("{FAE04EC0-301F-11D3-BF4B-00C04F79EFBC}") = "Cs", "Cs\Cs.csproj", "{A97507C5-C9E3-4BBD-9A3D-70C59F48F639}"
EndProject
Project("{FAE04EC0-301F-11D3-BF4B-00C04F79EFBC}") = "UnitTestProject1", "UnitTestProject1\UnitTestProject1.csproj", "{40EC3ADD-E5A1-4583-A6CB-9DE32A590A64}"
EndProject
Project("{FAE04EC0-301F-11D3-BF4B-00C04F79EFBC}") = "Ts", "Ts\Ts.csproj", "{64073BE8-E4EB-4CC3-85FB-8BD200378A5E}"
EndProject
Global
	GlobalSection(SolutionConfigurationPlatforms) = preSolution
		Debug|Any CPU = Debug|Any CPU
		Release|Any CPU = Release|Any CPU
	EndGlobalSection
	GlobalSection(ProjectConfigurationPlatforms) = postSolution
		{9E29C4AB-22A8-4681-9D82-0D99642B0E5E}.Debug|Any CPU.ActiveCfg = Debug|Any CPU
		{9E29C4AB-22A8-4681-9D82-0D99642B0E5E}.Debug|Any CPU.Build.0 = Debug|Any CPU
		{9E29C4AB-22A8-4681-9D82-0D99642B0E5E}.Release|Any CPU.ActiveCfg = Release|Any CPU
		{9E29C4AB-22A8-4681-9D82-0D99642B0E5E}.Release|Any CPU.Build.0 = Release|Any CPU
		{A97507C5-C9E3-4BBD-9A3D-70C59F48F639}.Debug|Any CPU.ActiveCfg = Debug|Any CPU
		{A97507C5-C9E3-4BBD-9A3D-70C59F48F639}.Debug|Any CPU.Build.0 = Debug|Any CPU
		{A97507C5-C9E3-4BBD-9A3D-70C59F48F639}.Release|Any CPU.ActiveCfg = Release|Any CPU
		{A97507C5-C9E3-4BBD-9A3D-70C59F48F639}.Release|Any CPU.Build.0 = Release|Any CPU
		{40EC3ADD-E5A1-4583-A6CB-9DE32A590A64}.Debug|Any CPU.ActiveCfg = Debug|Any CPU
		{40EC3ADD-E5A1-4583-A6CB-9DE32A590A64}.Debug|Any CPU.Build.0 = Debug|Any CPU
		{40EC3ADD-E5A1-4583-A6CB-9DE32A590A64}.Release|Any CPU.ActiveCfg = Release|Any CPU
		{40EC3ADD-E5A1-4583-A6CB-9DE32A590A64}.Release|Any CPU.Build.0 = Release|Any CPU
		{64073BE8-E4EB-4CC3-85FB-8BD200378A5E}.Debug|Any CPU.ActiveCfg = Debug|Any CPU
		{64073BE8-E4EB-4CC3-85FB-8BD200378A5E}.Debug|Any CPU.Build.0 = Debug|Any CPU
		{64073BE8-E4EB-4CC3-85FB-8BD200378A5E}.Release|Any CPU.ActiveCfg = Release|Any CPU
		{64073BE8-E4EB-4CC3-85FB-8BD200378A5E}.Release|Any CPU.Build.0 = Release|Any CPU
	EndGlobalSection
	GlobalSection(SolutionProperties) = preSolution
		HideSolutionNode = FALSE
	EndGlobalSection
EndGlobal
